// !$*UTF8*$!
{
	archiveVersion = 1;
	classes = {
	};
	objectVersion = 50;
	objects = {

/* Begin PBXBuildFile section */
		CA04DF4221E8F80300C9F19A /* DetectedPerson.swift in Sources */ = {isa = PBXBuildFile; fileRef = CA04DF4121E8F80300C9F19A /* DetectedPerson.swift */; };
		CA1BB5E9220B481F00C5DE2B /* TrackDetailsTableViewController.swift in Sources */ = {isa = PBXBuildFile; fileRef = CA1BB5E8220B481F00C5DE2B /* TrackDetailsTableViewController.swift */; };
		CA3BCF0A21E4798900FE0927 /* ImageAnalysis.swift in Sources */ = {isa = PBXBuildFile; fileRef = CA3BCF0921E4798900FE0927 /* ImageAnalysis.swift */; };
		CA4E7B7821FFAB82005F5310 /* FlightSummaryViewController.swift in Sources */ = {isa = PBXBuildFile; fileRef = CA4E7B7721FFAB82005F5310 /* FlightSummaryViewController.swift */; };
		CA4E7B7A21FFB0BE005F5310 /* HistoricalData.swift in Sources */ = {isa = PBXBuildFile; fileRef = CA4E7B7921FFB0BE005F5310 /* HistoricalData.swift */; };
		CA95EA282207A88000FC7A7A /* Extensions.swift in Sources */ = {isa = PBXBuildFile; fileRef = CA95EA272207A88000FC7A7A /* Extensions.swift */; };
		CA95EA2B2207F54D00FC7A7A /* TrackViewController.swift in Sources */ = {isa = PBXBuildFile; fileRef = CA95EA2A2207F54D00FC7A7A /* TrackViewController.swift */; };
		CA95EA2F2207F58B00FC7A7A /* HistoryTableViewController.swift in Sources */ = {isa = PBXBuildFile; fileRef = CA95EA2E2207F58B00FC7A7A /* HistoryTableViewController.swift */; };
		CA95EA322207F5B700FC7A7A /* FlightSummaryDetailsTableViewController.swift in Sources */ = {isa = PBXBuildFile; fileRef = CA95EA312207F5B700FC7A7A /* FlightSummaryDetailsTableViewController.swift */; };
		CAAF360A21DDB3B70069C4E2 /* AgeNet.mlmodel in Sources */ = {isa = PBXBuildFile; fileRef = CAAF35FD21DDB3B00069C4E2 /* AgeNet.mlmodel */; };
		CAAF360B21DDB3B70069C4E2 /* AppDelegate.swift in Sources */ = {isa = PBXBuildFile; fileRef = CAAF35FE21DDB3B00069C4E2 /* AppDelegate.swift */; };
		CAAF360C21DDB3B70069C4E2 /* GoogLeNetPlaces.mlmodel in Sources */ = {isa = PBXBuildFile; fileRef = CAAF35FF21DDB3B20069C4E2 /* GoogLeNetPlaces.mlmodel */; };
		CAAF360D21DDB3B70069C4E2 /* AvionicsViewController.swift in Sources */ = {isa = PBXBuildFile; fileRef = CAAF360021DDB3B20069C4E2 /* AvionicsViewController.swift */; };
		CAAF360E21DDB3B70069C4E2 /* Assets.xcassets in Resources */ = {isa = PBXBuildFile; fileRef = CAAF360121DDB3B30069C4E2 /* Assets.xcassets */; };
		CAAF360F21DDB3B70069C4E2 /* GenderNet.mlmodel in Sources */ = {isa = PBXBuildFile; fileRef = CAAF360221DDB3B60069C4E2 /* GenderNet.mlmodel */; };
		CAAF361021DDB3B70069C4E2 /* Main.storyboard in Resources */ = {isa = PBXBuildFile; fileRef = CAAF360321DDB3B60069C4E2 /* Main.storyboard */; };
		CAAF361121DDB3B70069C4E2 /* FlightViewController.swift in Sources */ = {isa = PBXBuildFile; fileRef = CAAF360421DDB3B60069C4E2 /* FlightViewController.swift */; };
		CAAF361221DDB3B70069C4E2 /* GoogleService-Info.plist in Resources */ = {isa = PBXBuildFile; fileRef = CAAF360521DDB3B60069C4E2 /* GoogleService-Info.plist */; };
		CAAF361321DDB3B70069C4E2 /* LaunchScreen.storyboard in Resources */ = {isa = PBXBuildFile; fileRef = CAAF360621DDB3B60069C4E2 /* LaunchScreen.storyboard */; };
		CAAF361421DDB3B70069C4E2 /* LoginViewController.swift in Sources */ = {isa = PBXBuildFile; fileRef = CAAF360721DDB3B60069C4E2 /* LoginViewController.swift */; };
		CAAF361621DDB3B70069C4E2 /* TODO.txt in Resources */ = {isa = PBXBuildFile; fileRef = CAAF360921DDB3B70069C4E2 /* TODO.txt */; };
		CAD7BBA62207FC8F00ED845C /* HistoryDetailsTableViewController.swift in Sources */ = {isa = PBXBuildFile; fileRef = CAD7BBA52207FC8F00ED845C /* HistoryDetailsTableViewController.swift */; };
		CAD7BBA82207FCB000ED845C /* FlightMapViewController.swift in Sources */ = {isa = PBXBuildFile; fileRef = CAD7BBA72207FCB000ED845C /* FlightMapViewController.swift */; };
		F2F1B89F4715A0BAAFD80CDC /* Pods_Falcon_Med.framework in Frameworks */ = {isa = PBXBuildFile; fileRef = 151558647739AA9A430140B9 /* Pods_Falcon_Med.framework */; };
/* End PBXBuildFile section */

/* Begin PBXFileReference section */
		151558647739AA9A430140B9 /* Pods_Falcon_Med.framework */ = {isa = PBXFileReference; explicitFileType = wrapper.framework; includeInIndex = 0; path = Pods_Falcon_Med.framework; sourceTree = BUILT_PRODUCTS_DIR; };
		7F6CD12C52BDB5B0C87D6511 /* Pods-Falcon Med.release.xcconfig */ = {isa = PBXFileReference; includeInIndex = 1; lastKnownFileType = text.xcconfig; name = "Pods-Falcon Med.release.xcconfig"; path = "Pods/Target Support Files/Pods-Falcon Med/Pods-Falcon Med.release.xcconfig"; sourceTree = "<group>"; };
		8BC45D427D330C6DDA27F35D /* Pods-Falcon Med.debug.xcconfig */ = {isa = PBXFileReference; includeInIndex = 1; lastKnownFileType = text.xcconfig; name = "Pods-Falcon Med.debug.xcconfig"; path = "Pods/Target Support Files/Pods-Falcon Med/Pods-Falcon Med.debug.xcconfig"; sourceTree = "<group>"; };
		CA04DF4121E8F80300C9F19A /* DetectedPerson.swift */ = {isa = PBXFileReference; lastKnownFileType = sourcecode.swift; path = DetectedPerson.swift; sourceTree = "<group>"; };
		CA1BB5E8220B481F00C5DE2B /* TrackDetailsTableViewController.swift */ = {isa = PBXFileReference; lastKnownFileType = sourcecode.swift; path = TrackDetailsTableViewController.swift; sourceTree = "<group>"; };
		CA3BCF0921E4798900FE0927 /* ImageAnalysis.swift */ = {isa = PBXFileReference; lastKnownFileType = sourcecode.swift; path = ImageAnalysis.swift; sourceTree = "<group>"; };
		CA4E7B7721FFAB82005F5310 /* FlightSummaryViewController.swift */ = {isa = PBXFileReference; lastKnownFileType = sourcecode.swift; path = FlightSummaryViewController.swift; sourceTree = "<group>"; };
		CA4E7B7921FFB0BE005F5310 /* HistoricalData.swift */ = {isa = PBXFileReference; lastKnownFileType = sourcecode.swift; path = HistoricalData.swift; sourceTree = "<group>"; };
		CA95EA272207A88000FC7A7A /* Extensions.swift */ = {isa = PBXFileReference; lastKnownFileType = sourcecode.swift; path = Extensions.swift; sourceTree = "<group>"; };
		CA95EA2A2207F54D00FC7A7A /* TrackViewController.swift */ = {isa = PBXFileReference; lastKnownFileType = sourcecode.swift; path = TrackViewController.swift; sourceTree = "<group>"; };
		CA95EA2E2207F58B00FC7A7A /* HistoryTableViewController.swift */ = {isa = PBXFileReference; lastKnownFileType = sourcecode.swift; path = HistoryTableViewController.swift; sourceTree = "<group>"; };
		CA95EA312207F5B700FC7A7A /* FlightSummaryDetailsTableViewController.swift */ = {isa = PBXFileReference; lastKnownFileType = sourcecode.swift; path = FlightSummaryDetailsTableViewController.swift; sourceTree = "<group>"; };
		CAAF35E621DDB3510069C4E2 /* Falcon Med.app */ = {isa = PBXFileReference; explicitFileType = wrapper.application; includeInIndex = 0; path = "Falcon Med.app"; sourceTree = BUILT_PRODUCTS_DIR; };
		CAAF35FD21DDB3B00069C4E2 /* AgeNet.mlmodel */ = {isa = PBXFileReference; lastKnownFileType = file.mlmodel; path = AgeNet.mlmodel; sourceTree = "<group>"; };
		CAAF35FE21DDB3B00069C4E2 /* AppDelegate.swift */ = {isa = PBXFileReference; fileEncoding = 4; lastKnownFileType = sourcecode.swift; path = AppDelegate.swift; sourceTree = "<group>"; };
		CAAF35FF21DDB3B20069C4E2 /* GoogLeNetPlaces.mlmodel */ = {isa = PBXFileReference; lastKnownFileType = file.mlmodel; path = GoogLeNetPlaces.mlmodel; sourceTree = "<group>"; };
		CAAF360021DDB3B20069C4E2 /* AvionicsViewController.swift */ = {isa = PBXFileReference; fileEncoding = 4; lastKnownFileType = sourcecode.swift; path = AvionicsViewController.swift; sourceTree = "<group>"; };
		CAAF360121DDB3B30069C4E2 /* Assets.xcassets */ = {isa = PBXFileReference; lastKnownFileType = folder.assetcatalog; path = Assets.xcassets; sourceTree = "<group>"; };
		CAAF360221DDB3B60069C4E2 /* GenderNet.mlmodel */ = {isa = PBXFileReference; lastKnownFileType = file.mlmodel; path = GenderNet.mlmodel; sourceTree = "<group>"; };
		CAAF360321DDB3B60069C4E2 /* Main.storyboard */ = {isa = PBXFileReference; fileEncoding = 4; lastKnownFileType = file.storyboard; path = Main.storyboard; sourceTree = "<group>"; };
		CAAF360421DDB3B60069C4E2 /* FlightViewController.swift */ = {isa = PBXFileReference; fileEncoding = 4; lastKnownFileType = sourcecode.swift; path = FlightViewController.swift; sourceTree = "<group>"; };
		CAAF360521DDB3B60069C4E2 /* GoogleService-Info.plist */ = {isa = PBXFileReference; fileEncoding = 4; lastKnownFileType = text.plist.xml; path = "GoogleService-Info.plist"; sourceTree = "<group>"; };
		CAAF360621DDB3B60069C4E2 /* LaunchScreen.storyboard */ = {isa = PBXFileReference; fileEncoding = 4; lastKnownFileType = file.storyboard; path = LaunchScreen.storyboard; sourceTree = "<group>"; };
		CAAF360721DDB3B60069C4E2 /* LoginViewController.swift */ = {isa = PBXFileReference; fileEncoding = 4; lastKnownFileType = sourcecode.swift; path = LoginViewController.swift; sourceTree = "<group>"; };
		CAAF360821DDB3B70069C4E2 /* Info.plist */ = {isa = PBXFileReference; fileEncoding = 4; lastKnownFileType = text.plist.xml; path = Info.plist; sourceTree = "<group>"; };
		CAAF360921DDB3B70069C4E2 /* TODO.txt */ = {isa = PBXFileReference; fileEncoding = 4; lastKnownFileType = text; path = TODO.txt; sourceTree = "<group>"; };
		CAD7BBA52207FC8F00ED845C /* HistoryDetailsTableViewController.swift */ = {isa = PBXFileReference; lastKnownFileType = sourcecode.swift; path = HistoryDetailsTableViewController.swift; sourceTree = "<group>"; };
		CAD7BBA72207FCB000ED845C /* FlightMapViewController.swift */ = {isa = PBXFileReference; lastKnownFileType = sourcecode.swift; path = FlightMapViewController.swift; sourceTree = "<group>"; };
/* End PBXFileReference section */

/* Begin PBXFrameworksBuildPhase section */
		CAAF35E321DDB3510069C4E2 /* Frameworks */ = {
			isa = PBXFrameworksBuildPhase;
			buildActionMask = 2147483647;
			files = (
				F2F1B89F4715A0BAAFD80CDC /* Pods_Falcon_Med.framework in Frameworks */,
			);
			runOnlyForDeploymentPostprocessing = 0;
		};
/* End PBXFrameworksBuildPhase section */

/* Begin PBXGroup section */
		16B0D1BF72DA0E55A2700325 /* Frameworks */ = {
			isa = PBXGroup;
			children = (
				151558647739AA9A430140B9 /* Pods_Falcon_Med.framework */,
			);
			name = Frameworks;
			sourceTree = "<group>";
		};
		CA95EA292207F52F00FC7A7A /* Flight */ = {
			isa = PBXGroup;
			children = (
				CAAF360421DDB3B60069C4E2 /* FlightViewController.swift */,
				CAAF360021DDB3B20069C4E2 /* AvionicsViewController.swift */,
				CA4E7B7721FFAB82005F5310 /* FlightSummaryViewController.swift */,
				CA95EA312207F5B700FC7A7A /* FlightSummaryDetailsTableViewController.swift */,
			);
			name = Flight;
			sourceTree = "<group>";
		};
		CA95EA2C2207F56400FC7A7A /* Track */ = {
			isa = PBXGroup;
			children = (
				CA95EA2A2207F54D00FC7A7A /* TrackViewController.swift */,
				CA1BB5E8220B481F00C5DE2B /* TrackDetailsTableViewController.swift */,
			);
			name = Track;
			sourceTree = "<group>";
		};
		CA95EA302207F59700FC7A7A /* History */ = {
			isa = PBXGroup;
			children = (
				CA95EA2E2207F58B00FC7A7A /* HistoryTableViewController.swift */,
				CAD7BBA72207FCB000ED845C /* FlightMapViewController.swift */,
				CAD7BBA52207FC8F00ED845C /* HistoryDetailsTableViewController.swift */,
			);
			name = History;
			sourceTree = "<group>";
		};
		CA95EA332207F5FC00FC7A7A /* Authentication */ = {
			isa = PBXGroup;
			children = (
				CAAF360721DDB3B60069C4E2 /* LoginViewController.swift */,
			);
			name = Authentication;
			sourceTree = "<group>";
		};
		CAAF35DD21DDB3510069C4E2 = {
			isa = PBXGroup;
			children = (
				CAAF35E821DDB3510069C4E2 /* Falcon Med */,
				CAAF35E721DDB3510069C4E2 /* Products */,
				E9048A85C9EC68181EB5D6CE /* Pods */,
				16B0D1BF72DA0E55A2700325 /* Frameworks */,
			);
			sourceTree = "<group>";
		};
		CAAF35E721DDB3510069C4E2 /* Products */ = {
			isa = PBXGroup;
			children = (
				CAAF35E621DDB3510069C4E2 /* Falcon Med.app */,
			);
			name = Products;
			sourceTree = "<group>";
		};
		CAAF35E821DDB3510069C4E2 /* Falcon Med */ = {
			isa = PBXGroup;
			children = (
				CAAF360921DDB3B70069C4E2 /* TODO.txt */,
				CAAF35FE21DDB3B00069C4E2 /* AppDelegate.swift */,
				CA95EA332207F5FC00FC7A7A /* Authentication */,
				CA95EA292207F52F00FC7A7A /* Flight */,
				CA95EA2C2207F56400FC7A7A /* Track */,
				CA95EA302207F59700FC7A7A /* History */,
				CAEC578421E3CAD400CFA194 /* Utilities */,
				CAAF360621DDB3B60069C4E2 /* LaunchScreen.storyboard */,
				CAAF360321DDB3B60069C4E2 /* Main.storyboard */,
				CAAF360121DDB3B30069C4E2 /* Assets.xcassets */,
				CAAF361721DDB4120069C4E2 /* ML Models */,
				CAAF360821DDB3B70069C4E2 /* Info.plist */,
				CAAF360521DDB3B60069C4E2 /* GoogleService-Info.plist */,
			);
			path = "Falcon Med";
			sourceTree = "<group>";
		};
		CAAF361721DDB4120069C4E2 /* ML Models */ = {
			isa = PBXGroup;
			children = (
				CAAF35FF21DDB3B20069C4E2 /* GoogLeNetPlaces.mlmodel */,
				CAAF360221DDB3B60069C4E2 /* GenderNet.mlmodel */,
				CAAF35FD21DDB3B00069C4E2 /* AgeNet.mlmodel */,
			);
			name = "ML Models";
			sourceTree = "<group>";
		};
		CAEC578421E3CAD400CFA194 /* Utilities */ = {
			isa = PBXGroup;
			children = (
				CA3BCF0921E4798900FE0927 /* ImageAnalysis.swift */,
				CA04DF4121E8F80300C9F19A /* DetectedPerson.swift */,
				CA4E7B7921FFB0BE005F5310 /* HistoricalData.swift */,
				CA95EA272207A88000FC7A7A /* Extensions.swift */,
			);
			name = Utilities;
			sourceTree = "<group>";
		};
		E9048A85C9EC68181EB5D6CE /* Pods */ = {
			isa = PBXGroup;
			children = (
				8BC45D427D330C6DDA27F35D /* Pods-Falcon Med.debug.xcconfig */,
				7F6CD12C52BDB5B0C87D6511 /* Pods-Falcon Med.release.xcconfig */,
			);
			name = Pods;
			sourceTree = "<group>";
		};
/* End PBXGroup section */

/* Begin PBXNativeTarget section */
		CAAF35E521DDB3510069C4E2 /* Falcon Med */ = {
			isa = PBXNativeTarget;
			buildConfigurationList = CAAF35FA21DDB3530069C4E2 /* Build configuration list for PBXNativeTarget "Falcon Med" */;
			buildPhases = (
				20E5ADFFF1BDD21ED8A0797A /* [CP] Check Pods Manifest.lock */,
				CAAF35E221DDB3510069C4E2 /* Sources */,
				CAAF35E321DDB3510069C4E2 /* Frameworks */,
				CAAF35E421DDB3510069C4E2 /* Resources */,
				21507B8B99D873DA081309CD /* [CP] Embed Pods Frameworks */,
				A5D6B05942A891C14583B630 /* [CP] Copy Pods Resources */,
			);
			buildRules = (
			);
			dependencies = (
			);
			name = "Falcon Med";
			productName = "Falcon Med";
			productReference = CAAF35E621DDB3510069C4E2 /* Falcon Med.app */;
			productType = "com.apple.product-type.application";
		};
/* End PBXNativeTarget section */

/* Begin PBXProject section */
		CAAF35DE21DDB3510069C4E2 /* Project object */ = {
			isa = PBXProject;
			attributes = {
				LastSwiftUpdateCheck = 1010;
				LastUpgradeCheck = 1010;
				ORGANIZATIONNAME = "Shawn Patel";
				TargetAttributes = {
					CAAF35E521DDB3510069C4E2 = {
						CreatedOnToolsVersion = 10.1;
						LastSwiftMigration = 1010;
					};
				};
			};
			buildConfigurationList = CAAF35E121DDB3510069C4E2 /* Build configuration list for PBXProject "Falcon Med" */;
			compatibilityVersion = "Xcode 9.3";
			developmentRegion = en;
			hasScannedForEncodings = 0;
			knownRegions = (
				en,
				Base,
			);
			mainGroup = CAAF35DD21DDB3510069C4E2;
			productRefGroup = CAAF35E721DDB3510069C4E2 /* Products */;
			projectDirPath = "";
			projectRoot = "";
			targets = (
				CAAF35E521DDB3510069C4E2 /* Falcon Med */,
			);
		};
/* End PBXProject section */

/* Begin PBXResourcesBuildPhase section */
		CAAF35E421DDB3510069C4E2 /* Resources */ = {
			isa = PBXResourcesBuildPhase;
			buildActionMask = 2147483647;
			files = (
				CAAF360E21DDB3B70069C4E2 /* Assets.xcassets in Resources */,
				CAAF361321DDB3B70069C4E2 /* LaunchScreen.storyboard in Resources */,
				CAAF361621DDB3B70069C4E2 /* TODO.txt in Resources */,
				CAAF361021DDB3B70069C4E2 /* Main.storyboard in Resources */,
				CAAF361221DDB3B70069C4E2 /* GoogleService-Info.plist in Resources */,
			);
			runOnlyForDeploymentPostprocessing = 0;
		};
/* End PBXResourcesBuildPhase section */

/* Begin PBXShellScriptBuildPhase section */
		20E5ADFFF1BDD21ED8A0797A /* [CP] Check Pods Manifest.lock */ = {
			isa = PBXShellScriptBuildPhase;
			buildActionMask = 2147483647;
			files = (
			);
			inputPaths = (
				"${PODS_PODFILE_DIR_PATH}/Podfile.lock",
				"${PODS_ROOT}/Manifest.lock",
			);
			name = "[CP] Check Pods Manifest.lock";
			outputPaths = (
				"$(DERIVED_FILE_DIR)/Pods-Falcon Med-checkManifestLockResult.txt",
			);
			runOnlyForDeploymentPostprocessing = 0;
			shellPath = /bin/sh;
			shellScript = "diff \"${PODS_PODFILE_DIR_PATH}/Podfile.lock\" \"${PODS_ROOT}/Manifest.lock\" > /dev/null\nif [ $? != 0 ] ; then\n    # print error to STDERR\n    echo \"error: The sandbox is not in sync with the Podfile.lock. Run 'pod install' or update your CocoaPods installation.\" >&2\n    exit 1\nfi\n# This output is used by Xcode 'outputs' to avoid re-running this script phase.\necho \"SUCCESS\" > \"${SCRIPT_OUTPUT_FILE_0}\"\n";
			showEnvVarsInLog = 0;
		};
		21507B8B99D873DA081309CD /* [CP] Embed Pods Frameworks */ = {
			isa = PBXShellScriptBuildPhase;
			buildActionMask = 2147483647;
			files = (
			);
			inputPaths = (
				"${SRCROOT}/Pods/Target Support Files/Pods-Falcon Med/Pods-Falcon Med-frameworks.sh",
				"${BUILT_PRODUCTS_DIR}/GTMSessionFetcher/GTMSessionFetcher.framework",
				"${BUILT_PRODUCTS_DIR}/GoogleAPIClientForREST/GoogleAPIClientForREST.framework",
				"${BUILT_PRODUCTS_DIR}/GoogleToolboxForMac/GoogleToolboxForMac.framework",
				"${BUILT_PRODUCTS_DIR}/GoogleUtilities/GoogleUtilities.framework",
				"${BUILT_PRODUCTS_DIR}/LMGaugeView/LMGaugeView.framework",
				"${BUILT_PRODUCTS_DIR}/Protobuf/Protobuf.framework",
				"${BUILT_PRODUCTS_DIR}/leveldb-library/leveldb.framework",
				"${BUILT_PRODUCTS_DIR}/nanopb/nanopb.framework",
			);
			name = "[CP] Embed Pods Frameworks";
			outputPaths = (
				"${TARGET_BUILD_DIR}/${FRAMEWORKS_FOLDER_PATH}/GTMSessionFetcher.framework",
				"${TARGET_BUILD_DIR}/${FRAMEWORKS_FOLDER_PATH}/GoogleAPIClientForREST.framework",
				"${TARGET_BUILD_DIR}/${FRAMEWORKS_FOLDER_PATH}/GoogleToolboxForMac.framework",
				"${TARGET_BUILD_DIR}/${FRAMEWORKS_FOLDER_PATH}/GoogleUtilities.framework",
				"${TARGET_BUILD_DIR}/${FRAMEWORKS_FOLDER_PATH}/LMGaugeView.framework",
				"${TARGET_BUILD_DIR}/${FRAMEWORKS_FOLDER_PATH}/Protobuf.framework",
				"${TARGET_BUILD_DIR}/${FRAMEWORKS_FOLDER_PATH}/leveldb.framework",
				"${TARGET_BUILD_DIR}/${FRAMEWORKS_FOLDER_PATH}/nanopb.framework",
			);
			runOnlyForDeploymentPostprocessing = 0;
			shellPath = /bin/sh;
			shellScript = "\"${SRCROOT}/Pods/Target Support Files/Pods-Falcon Med/Pods-Falcon Med-frameworks.sh\"\n";
			showEnvVarsInLog = 0;
		};
		A5D6B05942A891C14583B630 /* [CP] Copy Pods Resources */ = {
			isa = PBXShellScriptBuildPhase;
			buildActionMask = 2147483647;
			files = (
			);
			inputPaths = (
				"${SRCROOT}/Pods/Target Support Files/Pods-Falcon Med/Pods-Falcon Med-resources.sh",
				"${PODS_CONFIGURATION_BUILD_DIR}/GoogleMobileVision/GoogleMVFaceDetectorResources.bundle",
				"${PODS_ROOT}/GoogleSignIn/Resources/GoogleSignIn.bundle",
			);
			name = "[CP] Copy Pods Resources";
			outputPaths = (
				"${TARGET_BUILD_DIR}/${UNLOCALIZED_RESOURCES_FOLDER_PATH}/GoogleMVFaceDetectorResources.bundle",
				"${TARGET_BUILD_DIR}/${UNLOCALIZED_RESOURCES_FOLDER_PATH}/GoogleSignIn.bundle",
			);
			runOnlyForDeploymentPostprocessing = 0;
			shellPath = /bin/sh;
			shellScript = "\"${SRCROOT}/Pods/Target Support Files/Pods-Falcon Med/Pods-Falcon Med-resources.sh\"\n";
			showEnvVarsInLog = 0;
		};
/* End PBXShellScriptBuildPhase section */

/* Begin PBXSourcesBuildPhase section */
		CAAF35E221DDB3510069C4E2 /* Sources */ = {
			isa = PBXSourcesBuildPhase;
			buildActionMask = 2147483647;
			files = (
				CAAF361421DDB3B70069C4E2 /* LoginViewController.swift in Sources */,
				CAD7BBA82207FCB000ED845C /* FlightMapViewController.swift in Sources */,
				CAD7BBA62207FC8F00ED845C /* HistoryDetailsTableViewController.swift in Sources */,
				CA95EA322207F5B700FC7A7A /* FlightSummaryDetailsTableViewController.swift in Sources */,
				CAAF360B21DDB3B70069C4E2 /* AppDelegate.swift in Sources */,
				CA3BCF0A21E4798900FE0927 /* ImageAnalysis.swift in Sources */,
				CA1BB5E9220B481F00C5DE2B /* TrackDetailsTableViewController.swift in Sources */,
				CAAF360A21DDB3B70069C4E2 /* AgeNet.mlmodel in Sources */,
				CA95EA2F2207F58B00FC7A7A /* HistoryTableViewController.swift in Sources */,
				CA04DF4221E8F80300C9F19A /* DetectedPerson.swift in Sources */,
				CAAF361121DDB3B70069C4E2 /* FlightViewController.swift in Sources */,
				CAAF360D21DDB3B70069C4E2 /* AvionicsViewController.swift in Sources */,
				CA95EA282207A88000FC7A7A /* Extensions.swift in Sources */,
				CA4E7B7821FFAB82005F5310 /* FlightSummaryViewController.swift in Sources */,
				CA95EA2B2207F54D00FC7A7A /* TrackViewController.swift in Sources */,
				CA4E7B7A21FFB0BE005F5310 /* HistoricalData.swift in Sources */,
				CAAF360F21DDB3B70069C4E2 /* GenderNet.mlmodel in Sources */,
				CAAF360C21DDB3B70069C4E2 /* GoogLeNetPlaces.mlmodel in Sources */,
			);
			runOnlyForDeploymentPostprocessing = 0;
		};
/* End PBXSourcesBuildPhase section */

/* Begin XCBuildConfiguration section */
		CAAF35F821DDB3530069C4E2 /* Debug */ = {
			isa = XCBuildConfiguration;
			buildSettings = {
				ALWAYS_SEARCH_USER_PATHS = NO;
				CLANG_ANALYZER_NONNULL = YES;
				CLANG_ANALYZER_NUMBER_OBJECT_CONVERSION = YES_AGGRESSIVE;
				CLANG_CXX_LANGUAGE_STANDARD = "gnu++14";
				CLANG_CXX_LIBRARY = "libc++";
				CLANG_ENABLE_MODULES = YES;
				CLANG_ENABLE_OBJC_ARC = YES;
				CLANG_ENABLE_OBJC_WEAK = YES;
				CLANG_WARN_BLOCK_CAPTURE_AUTORELEASING = YES;
				CLANG_WARN_BOOL_CONVERSION = YES;
				CLANG_WARN_COMMA = YES;
				CLANG_WARN_CONSTANT_CONVERSION = YES;
				CLANG_WARN_DEPRECATED_OBJC_IMPLEMENTATIONS = YES;
				CLANG_WARN_DIRECT_OBJC_ISA_USAGE = YES_ERROR;
				CLANG_WARN_DOCUMENTATION_COMMENTS = YES;
				CLANG_WARN_EMPTY_BODY = YES;
				CLANG_WARN_ENUM_CONVERSION = YES;
				CLANG_WARN_INFINITE_RECURSION = YES;
				CLANG_WARN_INT_CONVERSION = YES;
				CLANG_WARN_NON_LITERAL_NULL_CONVERSION = YES;
				CLANG_WARN_OBJC_IMPLICIT_RETAIN_SELF = YES;
				CLANG_WARN_OBJC_LITERAL_CONVERSION = YES;
				CLANG_WARN_OBJC_ROOT_CLASS = YES_ERROR;
				CLANG_WARN_RANGE_LOOP_ANALYSIS = YES;
				CLANG_WARN_STRICT_PROTOTYPES = YES;
				CLANG_WARN_SUSPICIOUS_MOVE = YES;
				CLANG_WARN_UNGUARDED_AVAILABILITY = YES_AGGRESSIVE;
				CLANG_WARN_UNREACHABLE_CODE = YES;
				CLANG_WARN__DUPLICATE_METHOD_MATCH = YES;
				CODE_SIGN_IDENTITY = "iPhone Developer";
				COPY_PHASE_STRIP = NO;
				DEBUG_INFORMATION_FORMAT = dwarf;
				ENABLE_STRICT_OBJC_MSGSEND = YES;
				ENABLE_TESTABILITY = YES;
				GCC_C_LANGUAGE_STANDARD = gnu11;
				GCC_DYNAMIC_NO_PIC = NO;
				GCC_NO_COMMON_BLOCKS = YES;
				GCC_OPTIMIZATION_LEVEL = 0;
				GCC_PREPROCESSOR_DEFINITIONS = (
					"DEBUG=1",
					"$(inherited)",
				);
				GCC_WARN_64_TO_32_BIT_CONVERSION = YES;
				GCC_WARN_ABOUT_RETURN_TYPE = YES_ERROR;
				GCC_WARN_UNDECLARED_SELECTOR = YES;
				GCC_WARN_UNINITIALIZED_AUTOS = YES_AGGRESSIVE;
				GCC_WARN_UNUSED_FUNCTION = YES;
				GCC_WARN_UNUSED_VARIABLE = YES;
				IPHONEOS_DEPLOYMENT_TARGET = 12.1;
				MTL_ENABLE_DEBUG_INFO = INCLUDE_SOURCE;
				MTL_FAST_MATH = YES;
				ONLY_ACTIVE_ARCH = YES;
				SDKROOT = iphoneos;
				SWIFT_ACTIVE_COMPILATION_CONDITIONS = DEBUG;
				SWIFT_OPTIMIZATION_LEVEL = "-Onone";
			};
			name = Debug;
		};
		CAAF35F921DDB3530069C4E2 /* Release */ = {
			isa = XCBuildConfiguration;
			buildSettings = {
				ALWAYS_SEARCH_USER_PATHS = NO;
				CLANG_ANALYZER_NONNULL = YES;
				CLANG_ANALYZER_NUMBER_OBJECT_CONVERSION = YES_AGGRESSIVE;
				CLANG_CXX_LANGUAGE_STANDARD = "gnu++14";
				CLANG_CXX_LIBRARY = "libc++";
				CLANG_ENABLE_MODULES = YES;
				CLANG_ENABLE_OBJC_ARC = YES;
				CLANG_ENABLE_OBJC_WEAK = YES;
				CLANG_WARN_BLOCK_CAPTURE_AUTORELEASING = YES;
				CLANG_WARN_BOOL_CONVERSION = YES;
				CLANG_WARN_COMMA = YES;
				CLANG_WARN_CONSTANT_CONVERSION = YES;
				CLANG_WARN_DEPRECATED_OBJC_IMPLEMENTATIONS = YES;
				CLANG_WARN_DIRECT_OBJC_ISA_USAGE = YES_ERROR;
				CLANG_WARN_DOCUMENTATION_COMMENTS = YES;
				CLANG_WARN_EMPTY_BODY = YES;
				CLANG_WARN_ENUM_CONVERSION = YES;
				CLANG_WARN_INFINITE_RECURSION = YES;
				CLANG_WARN_INT_CONVERSION = YES;
				CLANG_WARN_NON_LITERAL_NULL_CONVERSION = YES;
				CLANG_WARN_OBJC_IMPLICIT_RETAIN_SELF = YES;
				CLANG_WARN_OBJC_LITERAL_CONVERSION = YES;
				CLANG_WARN_OBJC_ROOT_CLASS = YES_ERROR;
				CLANG_WARN_RANGE_LOOP_ANALYSIS = YES;
				CLANG_WARN_STRICT_PROTOTYPES = YES;
				CLANG_WARN_SUSPICIOUS_MOVE = YES;
				CLANG_WARN_UNGUARDED_AVAILABILITY = YES_AGGRESSIVE;
				CLANG_WARN_UNREACHABLE_CODE = YES;
				CLANG_WARN__DUPLICATE_METHOD_MATCH = YES;
				CODE_SIGN_IDENTITY = "iPhone Developer";
				COPY_PHASE_STRIP = NO;
				DEBUG_INFORMATION_FORMAT = "dwarf-with-dsym";
				ENABLE_NS_ASSERTIONS = NO;
				ENABLE_STRICT_OBJC_MSGSEND = YES;
				GCC_C_LANGUAGE_STANDARD = gnu11;
				GCC_NO_COMMON_BLOCKS = YES;
				GCC_WARN_64_TO_32_BIT_CONVERSION = YES;
				GCC_WARN_ABOUT_RETURN_TYPE = YES_ERROR;
				GCC_WARN_UNDECLARED_SELECTOR = YES;
				GCC_WARN_UNINITIALIZED_AUTOS = YES_AGGRESSIVE;
				GCC_WARN_UNUSED_FUNCTION = YES;
				GCC_WARN_UNUSED_VARIABLE = YES;
				IPHONEOS_DEPLOYMENT_TARGET = 12.1;
				MTL_ENABLE_DEBUG_INFO = NO;
				MTL_FAST_MATH = YES;
				SDKROOT = iphoneos;
				SWIFT_COMPILATION_MODE = wholemodule;
				SWIFT_OPTIMIZATION_LEVEL = "-O";
				VALIDATE_PRODUCT = YES;
			};
			name = Release;
		};
		CAAF35FB21DDB3530069C4E2 /* Debug */ = {
			isa = XCBuildConfiguration;
			baseConfigurationReference = 8BC45D427D330C6DDA27F35D /* Pods-Falcon Med.debug.xcconfig */;
			buildSettings = {
				ASSETCATALOG_COMPILER_APPICON_NAME = AppIcon;
				CLANG_ENABLE_MODULES = YES;
				CODE_SIGN_STYLE = Automatic;
				DEVELOPMENT_TEAM = YBJ2RY5U57;
				INFOPLIST_FILE = "Falcon Med/Info.plist";
				LD_RUNPATH_SEARCH_PATHS = (
					"$(inherited)",
					"@executable_path/Frameworks",
				);
				PRODUCT_BUNDLE_IDENTIFIER = "com.shawnpatel.Falcon-Med";
				PRODUCT_NAME = "$(TARGET_NAME)";
				SWIFT_OPTIMIZATION_LEVEL = "-Onone";
				SWIFT_VERSION = 4.2;
				TARGETED_DEVICE_FAMILY = "1,2";
			};
			name = Debug;
		};
		CAAF35FC21DDB3530069C4E2 /* Release */ = {
			isa = XCBuildConfiguration;
			baseConfigurationReference = 7F6CD12C52BDB5B0C87D6511 /* Pods-Falcon Med.release.xcconfig */;
			buildSettings = {
				ASSETCATALOG_COMPILER_APPICON_NAME = AppIcon;
				CLANG_ENABLE_MODULES = YES;
				CODE_SIGN_STYLE = Automatic;
				DEVELOPMENT_TEAM = YBJ2RY5U57;
				INFOPLIST_FILE = "Falcon Med/Info.plist";
				LD_RUNPATH_SEARCH_PATHS = (
					"$(inherited)",
					"@executable_path/Frameworks",
				);
				PRODUCT_BUNDLE_IDENTIFIER = "com.shawnpatel.Falcon-Med";
				PRODUCT_NAME = "$(TARGET_NAME)";
				SWIFT_VERSION = 4.2;
				TARGETED_DEVICE_FAMILY = "1,2";
			};
			name = Release;
		};
/* End XCBuildConfiguration section */

/* Begin XCConfigurationList section */
		CAAF35E121DDB3510069C4E2 /* Build configuration list for PBXProject "Falcon Med" */ = {
			isa = XCConfigurationList;
			buildConfigurations = (
				CAAF35F821DDB3530069C4E2 /* Debug */,
				CAAF35F921DDB3530069C4E2 /* Release */,
			);
			defaultConfigurationIsVisible = 0;
			defaultConfigurationName = Release;
		};
		CAAF35FA21DDB3530069C4E2 /* Build configuration list for PBXNativeTarget "Falcon Med" */ = {
			isa = XCConfigurationList;
			buildConfigurations = (
				CAAF35FB21DDB3530069C4E2 /* Debug */,
				CAAF35FC21DDB3530069C4E2 /* Release */,
			);
			defaultConfigurationIsVisible = 0;
			defaultConfigurationName = Release;
		};
/* End XCConfigurationList section */
	};
	rootObject = CAAF35DE21DDB3510069C4E2 /* Project object */;
}
